// !$*UTF8*$!
{
	archiveVersion = 1;
	classes = {
	};
	objectVersion = 46;
	objects = {

/* Begin PBXBuildFile section */
		B242E9311BD168DA00BF241C /* main.m in Sources */ = {isa = PBXBuildFile; fileRef = B242E9301BD168DA00BF241C /* main.m */; };
		B242E9341BD168DA00BF241C /* AppDelegate.m in Sources */ = {isa = PBXBuildFile; fileRef = B242E9331BD168DA00BF241C /* AppDelegate.m */; };
		B242E93A1BD168DA00BF241C /* Main.storyboard in Resources */ = {isa = PBXBuildFile; fileRef = B242E9381BD168DA00BF241C /* Main.storyboard */; };
		B242E93C1BD168DA00BF241C /* Assets.xcassets in Resources */ = {isa = PBXBuildFile; fileRef = B242E93B1BD168DA00BF241C /* Assets.xcassets */; };
		B242E93F1BD168DA00BF241C /* LaunchScreen.storyboard in Resources */ = {isa = PBXBuildFile; fileRef = B242E93D1BD168DA00BF241C /* LaunchScreen.storyboard */; };
		B242E9481BD169C400BF241C /* TableViewController.m in Sources */ = {isa = PBXBuildFile; fileRef = B242E9471BD169C400BF241C /* TableViewController.m */; settings = {ASSET_TAGS = (); }; };
		B242E94B1BD1B37000BF241C /* ViewController.m in Sources */ = {isa = PBXBuildFile; fileRef = B242E94A1BD1B37000BF241C /* ViewController.m */; settings = {ASSET_TAGS = (); }; };
		B242E9781BD1FBAE00BF241C /* NationModel.m in Sources */ = {isa = PBXBuildFile; fileRef = B242E9771BD1FBAE00BF241C /* NationModel.m */; settings = {ASSET_TAGS = (); }; };
		B242E97A1BD2157C00BF241C /* Flags in Resources */ = {isa = PBXBuildFile; fileRef = B242E9791BD2157C00BF241C /* Flags */; settings = {ASSET_TAGS = (); }; };
/* End PBXBuildFile section */

/* Begin PBXFileReference section */
		B242E92C1BD168DA00BF241C /* Continents.app */ = {isa = PBXFileReference; explicitFileType = wrapper.application; includeInIndex = 0; path = Continents.app; sourceTree = BUILT_PRODUCTS_DIR; };
		B242E9301BD168DA00BF241C /* main.m */ = {isa = PBXFileReference; lastKnownFileType = sourcecode.c.objc; path = main.m; sourceTree = "<group>"; };
		B242E9321BD168DA00BF241C /* AppDelegate.h */ = {isa = PBXFileReference; lastKnownFileType = sourcecode.c.h; path = AppDelegate.h; sourceTree = "<group>"; };
		B242E9331BD168DA00BF241C /* AppDelegate.m */ = {isa = PBXFileReference; lastKnownFileType = sourcecode.c.objc; path = AppDelegate.m; sourceTree = "<group>"; };
		B242E9391BD168DA00BF241C /* Base */ = {isa = PBXFileReference; lastKnownFileType = file.storyboard; name = Base; path = Base.lproj/Main.storyboard; sourceTree = "<group>"; };
		B242E93B1BD168DA00BF241C /* Assets.xcassets */ = {isa = PBXFileReference; lastKnownFileType = folder.assetcatalog; path = Assets.xcassets; sourceTree = "<group>"; };
		B242E93E1BD168DA00BF241C /* Base */ = {isa = PBXFileReference; lastKnownFileType = file.storyboard; name = Base; path = Base.lproj/LaunchScreen.storyboard; sourceTree = "<group>"; };
		B242E9401BD168DA00BF241C /* Info.plist */ = {isa = PBXFileReference; lastKnownFileType = text.plist.xml; path = Info.plist; sourceTree = "<group>"; };
		B242E9461BD169C400BF241C /* TableViewController.h */ = {isa = PBXFileReference; fileEncoding = 4; lastKnownFileType = sourcecode.c.h; path = TableViewController.h; sourceTree = "<group>"; };
		B242E9471BD169C400BF241C /* TableViewController.m */ = {isa = PBXFileReference; fileEncoding = 4; lastKnownFileType = sourcecode.c.objc; path = TableViewController.m; sourceTree = "<group>"; };
		B242E9491BD1B37000BF241C /* ViewController.h */ = {isa = PBXFileReference; fileEncoding = 4; lastKnownFileType = sourcecode.c.h; path = ViewController.h; sourceTree = "<group>"; };
		B242E94A1BD1B37000BF241C /* ViewController.m */ = {isa = PBXFileReference; fileEncoding = 4; lastKnownFileType = sourcecode.c.objc; path = ViewController.m; sourceTree = "<group>"; };
		B242E9761BD1FBAE00BF241C /* NationModel.h */ = {isa = PBXFileReference; fileEncoding = 4; lastKnownFileType = sourcecode.c.h; name = NationModel.h; path = ../NationModel.h; sourceTree = "<group>"; };
		B242E9771BD1FBAE00BF241C /* NationModel.m */ = {isa = PBXFileReference; fileEncoding = 4; lastKnownFileType = sourcecode.c.objc; name = NationModel.m; path = ../NationModel.m; sourceTree = "<group>"; };
		B242E9791BD2157C00BF241C /* Flags */ = {isa = PBXFileReference; lastKnownFileType = folder; name = Flags; path = ../Flags; sourceTree = "<group>"; };
/* End PBXFileReference section */

/* Begin PBXFrameworksBuildPhase section */
		B242E9291BD168D900BF241C /* Frameworks */ = {
			isa = PBXFrameworksBuildPhase;
			buildActionMask = 2147483647;
			files = (
			);
			runOnlyForDeploymentPostprocessing = 0;
		};
/* End PBXFrameworksBuildPhase section */

/* Begin PBXGroup section */
		B242E9231BD168D900BF241C = {
			isa = PBXGroup;
			children = (
				B242E92E1BD168DA00BF241C /* Continents */,
				B242E92D1BD168DA00BF241C /* Products */,
			);
			sourceTree = "<group>";
		};
		B242E92D1BD168DA00BF241C /* Products */ = {
			isa = PBXGroup;
			children = (
				B242E92C1BD168DA00BF241C /* Continents.app */,
			);
			name = Products;
			sourceTree = "<group>";
		};
		B242E92E1BD168DA00BF241C /* Continents */ = {
			isa = PBXGroup;
			children = (
				B242E9321BD168DA00BF241C /* AppDelegate.h */,
				B242E9331BD168DA00BF241C /* AppDelegate.m */,
				B242E9381BD168DA00BF241C /* Main.storyboard */,
				B242E9461BD169C400BF241C /* TableViewController.h */,
				B242E9471BD169C400BF241C /* TableViewController.m */,
				B242E9491BD1B37000BF241C /* ViewController.h */,
				B242E94A1BD1B37000BF241C /* ViewController.m */,
				B242E9761BD1FBAE00BF241C /* NationModel.h */,
				B242E9771BD1FBAE00BF241C /* NationModel.m */,
				B242E9791BD2157C00BF241C /* Flags */,
				B242E93B1BD168DA00BF241C /* Assets.xcassets */,
				B242E93D1BD168DA00BF241C /* LaunchScreen.storyboard */,
				B242E9401BD168DA00BF241C /* Info.plist */,
				B242E92F1BD168DA00BF241C /* Supporting Files */,
			);
			path = Continents;
			sourceTree = "<group>";
		};
		B242E92F1BD168DA00BF241C /* Supporting Files */ = {
			isa = PBXGroup;
			children = (
				B242E9301BD168DA00BF241C /* main.m */,
			);
			name = "Supporting Files";
			sourceTree = "<group>";
		};
/* End PBXGroup section */

/* Begin PBXNativeTarget section */
		B242E92B1BD168D900BF241C /* Continents */ = {
			isa = PBXNativeTarget;
			buildConfigurationList = B242E9431BD168DA00BF241C /* Build configuration list for PBXNativeTarget "Continents" */;
			buildPhases = (
				B242E9281BD168D900BF241C /* Sources */,
				B242E9291BD168D900BF241C /* Frameworks */,
				B242E92A1BD168D900BF241C /* Resources */,
			);
			buildRules = (
			);
			dependencies = (
			);
			name = Continents;
			productName = Continents;
			productReference = B242E92C1BD168DA00BF241C /* Continents.app */;
			productType = "com.apple.product-type.application";
		};
/* End PBXNativeTarget section */

/* Begin PBXProject section */
		B242E9241BD168D900BF241C /* Project object */ = {
			isa = PBXProject;
			attributes = {
				LastUpgradeCheck = 0700;
				ORGANIZATIONNAME = "Ekta Mahajan";
				TargetAttributes = {
					B242E92B1BD168D900BF241C = {
						CreatedOnToolsVersion = 7.0.1;
					};
				};
			};
			buildConfigurationList = B242E9271BD168D900BF241C /* Build configuration list for PBXProject "Continents" */;
			compatibilityVersion = "Xcode 3.2";
			developmentRegion = English;
			hasScannedForEncodings = 0;
			knownRegions = (
				en,
				Base,
			);
			mainGroup = B242E9231BD168D900BF241C;
			productRefGroup = B242E92D1BD168DA00BF241C /* Products */;
			projectDirPath = "";
			projectRoot = "";
			targets = (
				B242E92B1BD168D900BF241C /* Continents */,
			);
		};
/* End PBXProject section */

/* Begin PBXResourcesBuildPhase section */
		B242E92A1BD168D900BF241C /* Resources */ = {
			isa = PBXResourcesBuildPhase;
			buildActionMask = 2147483647;
			files = (
				B242E93F1BD168DA00BF241C /* LaunchScreen.storyboard in Resources */,
				B242E93C1BD168DA00BF241C /* Assets.xcassets in Resources */,
				B242E97A1BD2157C00BF241C /* Flags in Resources */,
				B242E93A1BD168DA00BF241C /* Main.storyboard in Resources */,
			);
			runOnlyForDeploymentPostprocessing = 0;
		};
/* End PBXResourcesBuildPhase section */

/* Begin PBXSourcesBuildPhase section */
		B242E9281BD168D900BF241C /* Sources */ = {
			isa = PBXSourcesBuildPhase;
			buildActionMask = 2147483647;
			files = (
				B242E9781BD1FBAE00BF241C /* NationModel.m in Sources */,
				B242E9341BD168DA00BF241C /* AppDelegate.m in Sources */,
				B242E9311BD168DA00BF241C /* main.m in Sources */,
				B242E94B1BD1B37000BF241C /* ViewController.m in Sources */,
				B242E9481BD169C400BF241C /* TableViewController.m in Sources */,
			);
			runOnlyForDeploymentPostprocessing = 0;
		};
/* End PBXSourcesBuildPhase section */

/* Begin PBXVariantGroup section */
		B242E9381BD168DA00BF241C /* Main.storyboard */ = {
			isa = PBXVariantGroup;
			children = (
				B242E9391BD168DA00BF241C /* Base */,
			);
			name = Main.storyboard;
			sourceTree = "<group>";
		};
		B242E93D1BD168DA00BF241C /* LaunchScreen.storyboard */ = {
			isa = PBXVariantGroup;
			children = (
				B242E93E1BD168DA00BF241C /* Base */,
			);
			name = LaunchScreen.storyboard;
			sourceTree = "<group>";
		};
/* End PBXVariantGroup section */

/* Begin XCBuildConfiguration section */
		B242E9411BD168DA00BF241C /* Debug */ = {
			isa = XCBuildConfiguration;
			buildSettings = {
				ALWAYS_SEARCH_USER_PATHS = NO;
				CLANG_CXX_LANGUAGE_STANDARD = "gnu++0x";
				CLANG_CXX_LIBRARY = "libc++";
				CLANG_ENABLE_MODULES = YES;
				CLANG_ENABLE_OBJC_ARC = YES;
				CLANG_WARN_BOOL_CONVERSION = YES;
				CLANG_WARN_CONSTANT_CONVERSION = YES;
				CLANG_WARN_DIRECT_OBJC_ISA_USAGE = YES_ERROR;
				CLANG_WARN_EMPTY_BODY = YES;
				CLANG_WARN_ENUM_CONVERSION = YES;
				CLANG_WARN_INT_CONVERSION = YES;
				CLANG_WARN_OBJC_ROOT_CLASS = YES_ERROR;
				CLANG_WARN_UNREACHABLE_CODE = YES;
				CLANG_WARN__DUPLICATE_METHOD_MATCH = YES;
				"CODE_SIGN_IDENTITY[sdk=iphoneos*]" = "iPhone Developer";
				COPY_PHASE_STRIP = NO;
				DEBUG_INFORMATION_FORMAT = dwarf;
				ENABLE_STRICT_OBJC_MSGSEND = YES;
				ENABLE_TESTABILITY = YES;
				GCC_C_LANGUAGE_STANDARD = gnu99;
				GCC_DYNAMIC_NO_PIC = NO;
				GCC_NO_COMMON_BLOCKS = YES;
				GCC_OPTIMIZATION_LEVEL = 0;
				GCC_PREPROCESSOR_DEFINITIONS = (
					"DEBUG=1",
					"$(inherited)",
				);
				GCC_WARN_64_TO_32_BIT_CONVERSION = YES;
				GCC_WARN_ABOUT_RETURN_TYPE = YES_ERROR;
				GCC_WARN_UNDECLARED_SELECTOR = YES;
				GCC_WARN_UNINITIALIZED_AUTOS = YES_AGGRESSIVE;
				GCC_WARN_UNUSED_FUNCTION = YES;
				GCC_WARN_UNUSED_VARIABLE = YES;
				IPHONEOS_DEPLOYMENT_TARGET = 9.0;
				MTL_ENABLE_DEBUG_INFO = YES;
				ONLY_ACTIVE_ARCH = YES;
				SDKROOT = iphoneos;
			};
			name = Debug;
		};
		B242E9421BD168DA00BF241C /* Release */ = {
			isa = XCBuildConfiguration;
			buildSettings = {
				ALWAYS_SEARCH_USER_PATHS = NO;
				CLANG_CXX_LANGUAGE_STANDARD = "gnu++0x";
				CLANG_CXX_LIBRARY = "libc++";
				CLANG_ENABLE_MODULES = YES;
				CLANG_ENABLE_OBJC_ARC = YES;
				CLANG_WARN_BOOL_CONVERSION = YES;
				CLANG_WARN_CONSTANT_CONVERSION = YES;
				CLANG_WARN_DIRECT_OBJC_ISA_USAGE = YES_ERROR;
				CLANG_WARN_EMPTY_BODY = YES;
				CLANG_WARN_ENUM_CONVERSION = YES;
				CLANG_WARN_INT_CONVERSION = YES;
				CLANG_WARN_OBJC_ROOT_CLASS = YES_ERROR;
				CLANG_WARN_UNREACHABLE_CODE = YES;
				CLANG_WARN__DUPLICATE_METHOD_MATCH = YES;
				"CODE_SIGN_IDENTITY[sdk=iphoneos*]" = "iPhone Developer";
				COPY_PHASE_STRIP = NO;
				DEBUG_INFORMATION_FORMAT = "dwarf-with-dsym";
				ENABLE_NS_ASSERTIONS = NO;
				ENABLE_STRICT_OBJC_MSGSEND = YES;
				GCC_C_LANGUAGE_STANDARD = gnu99;
				GCC_NO_COMMON_BLOCKS = YES;
				GCC_WARN_64_TO_32_BIT_CONVERSION = YES;
				GCC_WARN_ABOUT_RETURN_TYPE = YES_ERROR;
				GCC_WARN_UNDECLARED_SELECTOR = YES;
				GCC_WARN_UNINITIALIZED_AUTOS = YES_AGGRESSIVE;
				GCC_WARN_UNUSED_FUNCTION = YES;
				GCC_WARN_UNUSED_VARIABLE = YES;
				IPHONEOS_DEPLOYMENT_TARGET = 9.0;
				MTL_ENABLE_DEBUG_INFO = NO;
				SDKROOT = iphoneos;
				VALIDATE_PRODUCT = YES;
			};
			name = Release;
		};
		B242E9441BD168DA00BF241C /* Debug */ = {
			isa = XCBuildConfiguration;
			buildSettings = {
				ASSETCATALOG_COMPILER_APPICON_NAME = AppIcon;
				INFOPLIST_FILE = Continents/Info.plist;
				LD_RUNPATH_SEARCH_PATHS = "$(inherited) @executable_path/Frameworks";
				PRODUCT_BUNDLE_IDENTIFIER = com.ekta.mahajan.Continents;
				PRODUCT_NAME = "$(TARGET_NAME)";
			};
			name = Debug;
		};
		B242E9451BD168DA00BF241C /* Release */ = {
			isa = XCBuildConfiguration;
			buildSettings = {
				ASSETCATALOG_COMPILER_APPICON_NAME = AppIcon;
				INFOPLIST_FILE = Continents/Info.plist;
				LD_RUNPATH_SEARCH_PATHS = "$(inherited) @executable_path/Frameworks";
				PRODUCT_BUNDLE_IDENTIFIER = com.ekta.mahajan.Continents;
				PRODUCT_NAME = "$(TARGET_NAME)";
			};
			name = Release;
		};
/* End XCBuildConfiguration section */

/* Begin XCConfigurationList section */
		B242E9271BD168D900BF241C /* Build configuration list for PBXProject "Continents" */ = {
			isa = XCConfigurationList;
			buildConfigurations = (
				B242E9411BD168DA00BF241C /* Debug */,
				B242E9421BD168DA00BF241C /* Release */,
			);
			defaultConfigurationIsVisible = 0;
			defaultConfigurationName = Release;
		};
		B242E9431BD168DA00BF241C /* Build configuration list for PBXNativeTarget "Continents" */ = {
			isa = XCConfigurationList;
			buildConfigurations = (
				B242E9441BD168DA00BF241C /* Debug */,
				B242E9451BD168DA00BF241C /* Release */,
			);
			defaultConfigurationIsVisible = 0;
			defaultConfigurationName = Release;
		};
/* End XCConfigurationList section */
	};
	rootObject = B242E9241BD168D900BF241C /* Project object */;
}
